{
    "_meta": {
        "hash": {
            "sha256": "381adb9050a90b816806eab20a7027ff3d90ea7ebea3292ac1024c0b1803cc7f"
        },
        "pipfile-spec": 6,
        "requires": {
            "python_version": "3.9"
        },
        "sources": [
            {
                "name": "pypi",
                "url": "https://pypi.org/simple",
                "verify_ssl": true
            }
        ]
    },
    "default": {
        "python-dotenv": {
            "hashes": [
                "sha256:0c8d1b80d1a1e91717ea7d526178e3882732420b03f08afea0406db6402e220e",
                "sha256:587825ed60b1711daea4832cf37524dfd404325b7db5e25ebe88c495c9f807a0"
            ],
            "index": "pypi",
            "version": "==0.15.0"
        },
        "python-http-client": {
            "hashes": [
                "sha256:f5cb0d407b30ed699c2f7ac4ba2ba8a1f2352d44bd9db6ea3bab98d081b433ce"
            ],
            "version": "==3.3.1"
        },
        "sendgrid": {
            "hashes": [
                "sha256:499a4910623c03e73cb27bd9ef7cadd0968eb2c811afd5c83cfb517f76163f65",
                "sha256:5a87682dba540b706683d4b4a3a605e11fbe24f340ecff5fd502bfb17dfa7ef8"
            ],
            "index": "pypi",
            "version": "==6.5.0"
        },
        "starkbank-ecdsa": {
            "hashes": [
                "sha256:423f81bb55c896a3c85ee98ac7da98826721eaee918f5c0c1dfff99e1972da0c"
            ],
            "version": "==1.1.0"
        }
    },
    "develop": {}
}
